<?xml version="1.0" encoding="utf-8"?>
<Project ToolsVersion="4.0" xmlns="http://schemas.microsoft.com/developer/msbuild/2003">
  <ItemGroup>
    <Filter Include="リソース ファイル">
      <UniqueIdentifier>{67DA6AB6-F800-4c08-8B7A-83BB121AAD01}</UniqueIdentifier>
      <Extensions>rc;ico;cur;bmp;dlg;rc2;rct;bin;rgs;gif;jpg;jpeg;jpe;resx;tiff;tif;png;wav;mfcribbon-ms</Extensions>
    </Filter>
    <Filter Include="GameMain">
      <UniqueIdentifier>{b4fa9412-6e8b-452f-a5f1-6804abcde9a8}</UniqueIdentifier>
    </Filter>
    <Filter Include="main">
      <UniqueIdentifier>{23ac98fa-b688-44d0-bca0-1cebde3e6482}</UniqueIdentifier>
    </Filter>
    <Filter Include="Base">
      <UniqueIdentifier>{c5b85c7a-2c51-4a5d-bfc8-f74c36bdac90}</UniqueIdentifier>
    </Filter>
    <Filter Include="Task">
      <UniqueIdentifier>{9d74bf2b-24e2-4f3a-b747-d7667700932a}</UniqueIdentifier>
    </Filter>
    <Filter Include="Player">
      <UniqueIdentifier>{71a9b943-774e-466b-83ed-1373ddeeb4ad}</UniqueIdentifier>
    </Filter>
    <Filter Include="Enemey">
      <UniqueIdentifier>{22270805-9793-4563-b534-f48d06fe7807}</UniqueIdentifier>
    </Filter>
    <Filter Include="Graphic">
      <UniqueIdentifier>{55dc8216-cf9f-4a38-b77e-cfb002bd0904}</UniqueIdentifier>
    </Filter>
    <Filter Include="Vector">
      <UniqueIdentifier>{4FC737F1-C7A5-4376-A066-2A32D752A2FF}</UniqueIdentifier>
      <Extensions>cpp;c;cc;cxx;def;odl;idl;hpj;bat;asm;asmx</Extensions>
    </Filter>
    <Filter Include="define">
      <UniqueIdentifier>{93995380-89BD-4b04-88EB-625FBE52EBFB}</UniqueIdentifier>
      <Extensions>h;hh;hpp;hxx;hm;inl;inc;xsd</Extensions>
    </Filter>
    <Filter Include="Key">
      <UniqueIdentifier>{5ffc991b-91b7-4c23-9883-a0e49a7e50ea}</UniqueIdentifier>
    </Filter>
    <Filter Include="Camera">
      <UniqueIdentifier>{ccab3f6a-f3a3-4e94-b013-acd4524b6283}</UniqueIdentifier>
    </Filter>
    <Filter Include="MyNumber">
      <UniqueIdentifier>{168e08ab-25fe-4b5a-a90f-e2027466d90a}</UniqueIdentifier>
    </Filter>
    <Filter Include="Map">
      <UniqueIdentifier>{b6c1bef9-31bf-4ac2-8688-0833d222e910}</UniqueIdentifier>
    </Filter>
    <Filter Include="Scene">
      <UniqueIdentifier>{c8807aa9-ed28-4866-a46a-f8a20ca99f8f}</UniqueIdentifier>
    </Filter>
    <Filter Include="Title">
      <UniqueIdentifier>{adeb06e6-c293-4fc3-86d8-eab8e0774576}</UniqueIdentifier>
    </Filter>
  </ItemGroup>
  <ItemGroup>
    <ClInclude Include="define.h">
      <Filter>define</Filter>
    </ClInclude>
    <ClInclude Include="CRectangle.h">
      <Filter>Graphic</Filter>
    </ClInclude>
    <ClInclude Include="CTexture.h">
      <Filter>Graphic</Filter>
    </ClInclude>
    <ClInclude Include="CTriangle.h">
      <Filter>Graphic</Filter>
    </ClInclude>
    <ClInclude Include="CStringtexture.h">
      <Filter>Graphic</Filter>
    </ClInclude>
    <ClInclude Include="CTaskManager.h">
      <Filter>Task</Filter>
    </ClInclude>
    <ClInclude Include="CTask.h">
      <Filter>Task</Filter>
    </ClInclude>
    <ClInclude Include="CGameMain.h">
      <Filter>GameMain</Filter>
    </ClInclude>
    <ClInclude Include="CBase.h">
      <Filter>Base</Filter>
    </ClInclude>
    <ClInclude Include="CVector2.h">
      <Filter>Vector</Filter>
    </ClInclude>
    <ClInclude Include="CEnemy.h">
      <Filter>Enemey</Filter>
    </ClInclude>
    <ClInclude Include="CPlayer.h">
      <Filter>Player</Filter>
    </ClInclude>
    <ClInclude Include="CKey.h">
      <Filter>Key</Filter>
    </ClInclude>
    <ClInclude Include="CMyNumber.h">
      <Filter>MyNumber</Filter>
    </ClInclude>
    <ClInclude Include="CCamera.h">
      <Filter>Camera</Filter>
    </ClInclude>
    <ClInclude Include="CMap.h">
      <Filter>Map</Filter>
    </ClInclude>
    <ClInclude Include="CScene.h">
      <Filter>Scene</Filter>
    </ClInclude>
    <ClInclude Include="CTitle.h">
      <Filter>Title</Filter>
    </ClInclude>
    <ClInclude Include="CTitleScene.h">
      <Filter>Title</Filter>
    </ClInclude>
  </ItemGroup>
  <ItemGroup>
    <ClCompile Include="CRectangle.cpp">
      <Filter>Graphic</Filter>
    </ClCompile>
    <ClCompile Include="CStringtexture.cpp">
      <Filter>Graphic</Filter>
    </ClCompile>
    <ClCompile Include="CTriangle.cpp">
      <Filter>Graphic</Filter>
    </ClCompile>
    <ClCompile Include="CVector2.cpp">
      <Filter>Graphic</Filter>
    </ClCompile>
    <ClCompile Include="CTask.cpp">
      <Filter>Task</Filter>
    </ClCompile>
    <ClCompile Include="CTaskManager.cpp">
      <Filter>Task</Filter>
    </ClCompile>
    <ClCompile Include="CGameMain.cpp">
      <Filter>GameMain</Filter>
    </ClCompile>
    <ClCompile Include="main.cpp">
      <Filter>main</Filter>
    </ClCompile>
    <ClCompile Include="CPlayer.cpp">
      <Filter>Player</Filter>
    </ClCompile>
    <ClCompile Include="CBase.cpp">
      <Filter>Base</Filter>
    </ClCompile>
    <ClCompile Include="CKey.cpp">
      <Filter>Key</Filter>
    </ClCompile>
    <ClCompile Include="CEnemy.cpp">
      <Filter>Enemey</Filter>
    </ClCompile>
    <ClCompile Include="CCamera.cpp">
      <Filter>Camera</Filter>
    </ClCompile>
    <ClCompile Include="CMap.cpp">
      <Filter>Map</Filter>
    </ClCompile>
    <ClCompile Include="CScene.cpp">
      <Filter>Scene</Filter>
    </ClCompile>
    <ClCompile Include="CTitle.cpp">
      <Filter>Title</Filter>
    </ClCompile>
    <ClCompile Include="CTitleScene.cpp">
      <Filter>Title</Filter>
    </ClCompile>
  </ItemGroup>
</Project>