<?xml version="1.0" encoding="utf-8"?>
<Project ToolsVersion="4.0" xmlns="http://schemas.microsoft.com/developer/msbuild/2003">
  <ItemGroup>
    <ClCompile Include="main.cpp" />
    <ClCompile Include="System\Base\CBase.cpp">
      <Filter>System\CBase</Filter>
    </ClCompile>
    <ClCompile Include="System\CTask\CTask.cpp">
      <Filter>System\CTask</Filter>
    </ClCompile>
    <ClCompile Include="System\CTaskManager\CTaskManager.cpp">
      <Filter>System\CTaskManager</Filter>
    </ClCompile>
    <ClCompile Include="System\CTitle\CTitle.cpp">
      <Filter>System\CTitle</Filter>
    </ClCompile>
    <ClCompile Include="System\CCharaSelect\CCharaSelect.cpp">
      <Filter>System\CCharaSelect</Filter>
    </ClCompile>
    <ClCompile Include="System\CLogo\CLogo.cpp">
      <Filter>System\CLogo</Filter>
    </ClCompile>
    <ClCompile Include="CMap.cpp">
      <Filter>Game</Filter>
    </ClCompile>
  </ItemGroup>
  <ItemGroup>
    <ClInclude Include="Global.h" />
    <ClInclude Include="System\Base\CBase.h">
      <Filter>System\CBase</Filter>
    </ClInclude>
    <ClInclude Include="System\CTask\CTask.h">
      <Filter>System\CTask</Filter>
    </ClInclude>
    <ClInclude Include="System\CTaskManager\CTaskManager.h">
      <Filter>System\CTaskManager</Filter>
    </ClInclude>
    <ClInclude Include="System\CTitle\CTitle.h">
      <Filter>System\CTitle</Filter>
    </ClInclude>
    <ClInclude Include="System\CCharaSelect\CCharaSelect.h">
      <Filter>System\CCharaSelect</Filter>
    </ClInclude>
    <ClInclude Include="System\CLogo\CLogo.h">
      <Filter>System\CLogo</Filter>
    </ClInclude>
    <ClInclude Include="CMap.h">
      <Filter>Game</Filter>
    </ClInclude>
  </ItemGroup>
  <ItemGroup>
    <Filter Include="System">
      <UniqueIdentifier>{4d7e2225-3146-447a-b95e-fd8adb0fd8d4}</UniqueIdentifier>
    </Filter>
    <Filter Include="Game">
      <UniqueIdentifier>{71273fc7-98be-4cc0-b22f-26ea2595f03e}</UniqueIdentifier>
    </Filter>
    <Filter Include="System\CBase">
      <UniqueIdentifier>{4745376d-4dbd-4fb9-af11-9513a2ff39c8}</UniqueIdentifier>
    </Filter>
    <Filter Include="System\CTask">
      <UniqueIdentifier>{19270357-476a-462f-9323-4ac21475c34d}</UniqueIdentifier>
    </Filter>
    <Filter Include="System\CTaskManager">
      <UniqueIdentifier>{33cd060b-d3bb-4ad2-bea3-3b94f2fa3116}</UniqueIdentifier>
    </Filter>
    <Filter Include="System\CTitle">
      <UniqueIdentifier>{231435c2-1ec3-40db-8b2a-3ed546861cd8}</UniqueIdentifier>
    </Filter>
    <Filter Include="System\CCharaSelect">
      <UniqueIdentifier>{e684c462-ae12-4339-aa8d-50e7ef720abb}</UniqueIdentifier>
    </Filter>
    <Filter Include="System\CLogo">
      <UniqueIdentifier>{3e4630d2-7fc8-4e48-ae86-9b81de1e4b32}</UniqueIdentifier>
    </Filter>
  </ItemGroup>
</Project>