<?xml version="1.0" encoding="utf-8"?>
<Project ToolsVersion="4.0" xmlns="http://schemas.microsoft.com/developer/msbuild/2003">
  <ItemGroup>
    <ClCompile Include="main.cpp" />
    <ClCompile Include="System\Base\CBase.cpp">
      <Filter>System\Base</Filter>
    </ClCompile>
    <ClCompile Include="Scene\Title\CTitle.cpp">
      <Filter>Scene\Title</Filter>
    </ClCompile>
    <ClCompile Include="Scene\Logo\CLogo.cpp">
      <Filter>Scene\Logo</Filter>
    </ClCompile>
    <ClCompile Include="Scene\CharaSelect\CCharaSelect.cpp">
      <Filter>Scene\CharaSelect</Filter>
    </ClCompile>
    <ClCompile Include="Scene\CSceneChangeAnimation.cpp">
      <Filter>Scene</Filter>
    </ClCompile>
    <ClCompile Include="Scene\CSceneManager.cpp">
      <Filter>Scene</Filter>
    </ClCompile>
    <ClCompile Include="Game\CGame.cpp">
      <Filter>Game</Filter>
    </ClCompile>
    <ClCompile Include="Scene\Result\CResult.cpp">
      <Filter>Scene\Result</Filter>
    </ClCompile>
    <ClCompile Include="Game\Map\CMap.cpp">
      <Filter>Game\CMap</Filter>
    </ClCompile>
    <ClCompile Include="Game\Enemy\CEnemy.cpp">
      <Filter>Game\CEnemy</Filter>
    </ClCompile>
    <ClCompile Include="Game\CPlayer\CPlayer.cpp">
      <Filter>Game\Player</Filter>
    </ClCompile>
    <ClCompile Include="System\CharaBase\CCharaBase.cpp">
      <Filter>System\CharaBase</Filter>
    </ClCompile>
    <ClCompile Include="Global.cpp" />
    <ClCompile Include="Game\Item\CItem.cpp">
      <Filter>Game\Item</Filter>
    </ClCompile>
    <ClCompile Include="Game\CollisionA\CCollisionA.cpp">
      <Filter>Game\CCollision</Filter>
    </ClCompile>
    <ClCompile Include="Game\CollisionManager\CollisionManager.cpp">
      <Filter>Game\CCollisionManager</Filter>
    </ClCompile>
    <ClCompile Include="Game\Enemy\CEnemyManager.cpp">
      <Filter>Game\CEnemy</Filter>
    </ClCompile>
    <ClCompile Include="Game\Tutorial\CTutorial.cpp">
      <Filter>Game\Tutorial</Filter>
    </ClCompile>
    <ClCompile Include="Game\CGameInfo.cpp">
      <Filter>Game</Filter>
    </ClCompile>
    <ClCompile Include="..\..\サンプル\CTaskLinker.cpp">
      <Filter>System\TaskSystem</Filter>
    </ClCompile>
    <ClCompile Include="..\..\サンプル\CTask.cpp">
      <Filter>System\TaskSystem</Filter>
    </ClCompile>
    <ClCompile Include="..\..\サンプル\CTaskManager.cpp">
      <Filter>System\TaskSystem</Filter>
    </ClCompile>
  </ItemGroup>
  <ItemGroup>
    <ClInclude Include="Global.h" />
    <ClInclude Include="System\Base\CBase.h">
      <Filter>System\Base</Filter>
    </ClInclude>
    <ClInclude Include="Scene\Title\CTitle.h">
      <Filter>Scene\Title</Filter>
    </ClInclude>
    <ClInclude Include="Scene\Logo\CLogo.h">
      <Filter>Scene\Logo</Filter>
    </ClInclude>
    <ClInclude Include="Scene\CharaSelect\CCharaSelect.h">
      <Filter>Scene\CharaSelect</Filter>
    </ClInclude>
    <ClInclude Include="Scene\CScene.h">
      <Filter>Scene</Filter>
    </ClInclude>
    <ClInclude Include="Scene\CSceneChangeAnimation.h">
      <Filter>Scene</Filter>
    </ClInclude>
    <ClInclude Include="Scene\CSceneManager.h">
      <Filter>Scene</Filter>
    </ClInclude>
    <ClInclude Include="Game\CGame.h">
      <Filter>Game</Filter>
    </ClInclude>
    <ClInclude Include="Scene\Result\CResult.h">
      <Filter>Scene\Result</Filter>
    </ClInclude>
    <ClInclude Include="Game\Map\CMap.h">
      <Filter>Game\CMap</Filter>
    </ClInclude>
    <ClInclude Include="Game\Enemy\CEnemy.h">
      <Filter>Game\CEnemy</Filter>
    </ClInclude>
    <ClInclude Include="Game\CPlayer\CPlayer.h">
      <Filter>Game\Player</Filter>
    </ClInclude>
    <ClInclude Include="System\CharaBase\CCharaBase.h">
      <Filter>System\CharaBase</Filter>
    </ClInclude>
    <ClInclude Include="Game\Item\CItem.h">
      <Filter>Game\Item</Filter>
    </ClInclude>
    <ClInclude Include="Game\CollisionA\CCollisionA.h">
      <Filter>Game\CCollision</Filter>
    </ClInclude>
    <ClInclude Include="Game\CollisionManager\CollisionManager.h">
      <Filter>Game\CCollisionManager</Filter>
    </ClInclude>
    <ClInclude Include="Game\Enemy\CEnemyManager.h">
      <Filter>Game\CEnemy</Filter>
    </ClInclude>
    <ClInclude Include="Game\Tutorial\CTutorial.h">
      <Filter>Game\Tutorial</Filter>
    </ClInclude>
    <ClInclude Include="Game\CGameInfo.h">
      <Filter>Game</Filter>
    </ClInclude>
    <ClInclude Include="..\..\サンプル\CTaskLinker.h">
      <Filter>System\TaskSystem</Filter>
    </ClInclude>
    <ClInclude Include="..\..\サンプル\CTask.h">
      <Filter>System\TaskSystem</Filter>
    </ClInclude>
    <ClInclude Include="..\..\サンプル\CTaskManager.h">
      <Filter>System\TaskSystem</Filter>
    </ClInclude>
  </ItemGroup>
  <ItemGroup>
    <Filter Include="System">
      <UniqueIdentifier>{4d7e2225-3146-447a-b95e-fd8adb0fd8d4}</UniqueIdentifier>
    </Filter>
    <Filter Include="Game">
      <UniqueIdentifier>{71273fc7-98be-4cc0-b22f-26ea2595f03e}</UniqueIdentifier>
    </Filter>
    <Filter Include="Scene">
      <UniqueIdentifier>{4099ac29-87a9-4511-a21d-9bf8b9fc5336}</UniqueIdentifier>
    </Filter>
    <Filter Include="System\Base">
      <UniqueIdentifier>{4745376d-4dbd-4fb9-af11-9513a2ff39c8}</UniqueIdentifier>
    </Filter>
    <Filter Include="System\TaskSystem">
      <UniqueIdentifier>{19270357-476a-462f-9323-4ac21475c34d}</UniqueIdentifier>
    </Filter>
    <Filter Include="Scene\CharaSelect">
      <UniqueIdentifier>{e684c462-ae12-4339-aa8d-50e7ef720abb}</UniqueIdentifier>
    </Filter>
    <Filter Include="Scene\Logo">
      <UniqueIdentifier>{3e4630d2-7fc8-4e48-ae86-9b81de1e4b32}</UniqueIdentifier>
    </Filter>
    <Filter Include="Scene\Title">
      <UniqueIdentifier>{231435c2-1ec3-40db-8b2a-3ed546861cd8}</UniqueIdentifier>
    </Filter>
    <Filter Include="Scene\Result">
      <UniqueIdentifier>{5dcc2d00-2f7e-4b4e-befb-d6b1d4f7b875}</UniqueIdentifier>
    </Filter>
    <Filter Include="Game\CMap">
      <UniqueIdentifier>{a7c265ad-5cf0-4c62-bc24-7db539acf9e7}</UniqueIdentifier>
    </Filter>
    <Filter Include="Game\CEnemy">
      <UniqueIdentifier>{45f5f2fc-ba70-4872-9024-e914f6a70bb8}</UniqueIdentifier>
    </Filter>
    <Filter Include="Game\Player">
      <UniqueIdentifier>{7d2c0427-7ebe-441d-9a5a-b94516b97bf8}</UniqueIdentifier>
    </Filter>
    <Filter Include="System\CharaBase">
      <UniqueIdentifier>{33e74366-9285-4d17-8b40-1fbcc312084d}</UniqueIdentifier>
    </Filter>
    <Filter Include="Game\Item">
      <UniqueIdentifier>{cc267a3f-4e23-43fc-bff4-8fb6fd303cc0}</UniqueIdentifier>
    </Filter>
    <Filter Include="Game\CCollision">
      <UniqueIdentifier>{f821a886-4b42-465a-9dfe-6d68df4afed6}</UniqueIdentifier>
    </Filter>
    <Filter Include="Game\CCollisionManager">
      <UniqueIdentifier>{de6210b6-6005-4e9c-bd50-b373be9a168f}</UniqueIdentifier>
    </Filter>
    <Filter Include="Game\Tutorial">
      <UniqueIdentifier>{79c4f91c-9102-45d3-bece-1338fe1b937e}</UniqueIdentifier>
    </Filter>
  </ItemGroup>
</Project>