<?xml version="1.0" encoding="utf-8"?>
<Project ToolsVersion="4.0" xmlns="http://schemas.microsoft.com/developer/msbuild/2003">
  <ItemGroup>
    <Filter Include="リソース ファイル">
      <UniqueIdentifier>{67DA6AB6-F800-4c08-8B7A-83BB121AAD01}</UniqueIdentifier>
      <Extensions>rc;ico;cur;bmp;dlg;rc2;rct;bin;rgs;gif;jpg;jpeg;jpe;resx;tiff;tif;png;wav;mfcribbon-ms</Extensions>
    </Filter>
    <Filter Include="GameMain">
      <UniqueIdentifier>{b4fa9412-6e8b-452f-a5f1-6804abcde9a8}</UniqueIdentifier>
    </Filter>
    <Filter Include="Base">
      <UniqueIdentifier>{c5b85c7a-2c51-4a5d-bfc8-f74c36bdac90}</UniqueIdentifier>
    </Filter>
    <Filter Include="Task">
      <UniqueIdentifier>{9d74bf2b-24e2-4f3a-b747-d7667700932a}</UniqueIdentifier>
    </Filter>
    <Filter Include="Player">
      <UniqueIdentifier>{71a9b943-774e-466b-83ed-1373ddeeb4ad}</UniqueIdentifier>
    </Filter>
    <Filter Include="Enemey">
      <UniqueIdentifier>{22270805-9793-4563-b534-f48d06fe7807}</UniqueIdentifier>
    </Filter>
    <Filter Include="Graphic">
      <UniqueIdentifier>{55dc8216-cf9f-4a38-b77e-cfb002bd0904}</UniqueIdentifier>
    </Filter>
    <Filter Include="Vector">
      <UniqueIdentifier>{4FC737F1-C7A5-4376-A066-2A32D752A2FF}</UniqueIdentifier>
      <Extensions>cpp;c;cc;cxx;def;odl;idl;hpj;bat;asm;asmx</Extensions>
    </Filter>
    <Filter Include="Key">
      <UniqueIdentifier>{5ffc991b-91b7-4c23-9883-a0e49a7e50ea}</UniqueIdentifier>
    </Filter>
    <Filter Include="Camera">
      <UniqueIdentifier>{ccab3f6a-f3a3-4e94-b013-acd4524b6283}</UniqueIdentifier>
    </Filter>
    <Filter Include="Map">
      <UniqueIdentifier>{b6c1bef9-31bf-4ac2-8688-0833d222e910}</UniqueIdentifier>
    </Filter>
    <Filter Include="Scene">
      <UniqueIdentifier>{c8807aa9-ed28-4866-a46a-f8a20ca99f8f}</UniqueIdentifier>
    </Filter>
    <Filter Include="Title">
      <UniqueIdentifier>{adeb06e6-c293-4fc3-86d8-eab8e0774576}</UniqueIdentifier>
    </Filter>
    <Filter Include="Main">
      <UniqueIdentifier>{23ac98fa-b688-44d0-bca0-1cebde3e6482}</UniqueIdentifier>
    </Filter>
    <Filter Include="Define">
      <UniqueIdentifier>{8bff56c5-b153-4774-b31b-7f5e167014e8}</UniqueIdentifier>
    </Filter>
  </ItemGroup>
  <ItemGroup>
    <ClCompile Include="Camera\CCamera.cpp">
      <Filter>Camera</Filter>
    </ClCompile>
    <ClCompile Include="GameMain\CGameMain.cpp">
      <Filter>GameMain</Filter>
    </ClCompile>
    <ClCompile Include="Graphic\CRectangle.cpp">
      <Filter>Graphic</Filter>
    </ClCompile>
    <ClCompile Include="Graphic\CStringtexture.cpp">
      <Filter>Graphic</Filter>
    </ClCompile>
    <ClCompile Include="Graphic\CTriangle.cpp">
      <Filter>Graphic</Filter>
    </ClCompile>
    <ClCompile Include="Key\CKey.cpp">
      <Filter>Key</Filter>
    </ClCompile>
    <ClCompile Include="Main\main.cpp">
      <Filter>Main</Filter>
    </ClCompile>
    <ClCompile Include="Map\CMap.cpp">
      <Filter>Map</Filter>
    </ClCompile>
    <ClCompile Include="Player\CPlayer.cpp">
      <Filter>Player</Filter>
    </ClCompile>
    <ClCompile Include="Task\CTaskManager.cpp">
      <Filter>Task</Filter>
    </ClCompile>
    <ClCompile Include="Title\CTitle.cpp">
      <Filter>Title</Filter>
    </ClCompile>
    <ClCompile Include="Title\CTitleScene.cpp">
      <Filter>Title</Filter>
    </ClCompile>
    <ClCompile Include="Vector\CVector2.cpp">
      <Filter>Vector</Filter>
    </ClCompile>
    <ClCompile Include="Enemy\CEnemy00.cpp">
      <Filter>Enemey</Filter>
    </ClCompile>
    <ClCompile Include="Enemy\CBoss.cpp">
      <Filter>Enemey</Filter>
    </ClCompile>
    <ClCompile Include="Enemy\CEnemy01.cpp">
      <Filter>Enemey</Filter>
    </ClCompile>
    <ClCompile Include="Scene\CScene.cpp">
      <Filter>Scene</Filter>
    </ClCompile>
  </ItemGroup>
  <ItemGroup>
    <ClInclude Include="Base\CBase.h">
      <Filter>Base</Filter>
    </ClInclude>
    <ClInclude Include="Camera\CCamera.h">
      <Filter>Camera</Filter>
    </ClInclude>
    <ClInclude Include="GameMain\CGameMain.h">
      <Filter>GameMain</Filter>
    </ClInclude>
    <ClInclude Include="Graphic\CRectangle.h">
      <Filter>Graphic</Filter>
    </ClInclude>
    <ClInclude Include="Graphic\CStringtexture.h">
      <Filter>Graphic</Filter>
    </ClInclude>
    <ClInclude Include="Graphic\CTexture.h">
      <Filter>Graphic</Filter>
    </ClInclude>
    <ClInclude Include="Graphic\CTriangle.h">
      <Filter>Graphic</Filter>
    </ClInclude>
    <ClInclude Include="Key\CKey.h">
      <Filter>Key</Filter>
    </ClInclude>
    <ClInclude Include="Map\CMap.h">
      <Filter>Map</Filter>
    </ClInclude>
    <ClInclude Include="Player\CPlayer.h">
      <Filter>Player</Filter>
    </ClInclude>
    <ClInclude Include="Scene\CScene.h">
      <Filter>Scene</Filter>
    </ClInclude>
    <ClInclude Include="Task\CTask.h">
      <Filter>Task</Filter>
    </ClInclude>
    <ClInclude Include="Task\CTaskManager.h">
      <Filter>Task</Filter>
    </ClInclude>
    <ClInclude Include="Title\CTitle.h">
      <Filter>Title</Filter>
    </ClInclude>
    <ClInclude Include="Title\CTitleScene.h">
      <Filter>Title</Filter>
    </ClInclude>
    <ClInclude Include="Vector\CVector2.h">
      <Filter>Vector</Filter>
    </ClInclude>
    <ClInclude Include="Define\define.h">
      <Filter>Define</Filter>
    </ClInclude>
    <ClInclude Include="Enemy\CEnemy00.h">
      <Filter>Enemey</Filter>
    </ClInclude>
    <ClInclude Include="Enemy\CBoss.h">
      <Filter>Enemey</Filter>
    </ClInclude>
    <ClInclude Include="Enemy\CEnemy01.h">
      <Filter>Enemey</Filter>
    </ClInclude>
  </ItemGroup>
  <ItemGroup>
    <Image Include="..\CG\beru\beru_flame\beru_flame_00.tga" />
  </ItemGroup>
</Project>