<?xml version="1.0" encoding="utf-8"?>
<Project ToolsVersion="4.0" xmlns="http://schemas.microsoft.com/developer/msbuild/2003">
  <ItemGroup>
    <ClCompile Include="CCollision.cpp" />
    <ClCompile Include="CRectangle.cpp" />
    <ClCompile Include="CTriangle.cpp" />
    <ClCompile Include="CVector2.cpp" />
    <ClCompile Include="main.cpp" />
    <ClCompile Include="CMap.cpp" />
    <ClCompile Include="CGame.cpp" />
    <ClCompile Include="CStage.cpp" />
    <ClCompile Include="CBase.cpp" />
    <ClCompile Include="CGoal.cpp" />
    <ClCompile Include="CKey.cpp" />
    <ClCompile Include="CGameclear.cpp" />
    <ClCompile Include="CStringtexture.cpp" />
    <ClCompile Include="CUserInterface.cpp" />
    <ClCompile Include="CDownGimmick.cpp" />
    <ClCompile Include="CGameover.cpp" />
    <ClCompile Include="CWindmill.cpp" />
    <ClCompile Include="CPlayer.cpp" />
    <ClCompile Include="CWind.cpp" />
    <ClCompile Include="Select.cpp" />
    <ClCompile Include="Enemy.cpp" />
    <ClCompile Include="Title.cpp" />
    <ClCompile Include="TitleScene.cpp" />
  </ItemGroup>
  <ItemGroup>
    <ClInclude Include="CCollision.h" />
    <ClInclude Include="CRectangle.h" />
    <ClInclude Include="CTexture.h" />
    <ClInclude Include="CTriangle.h" />
    <ClInclude Include="CVector2.h" />
    <ClInclude Include="define.h" />
    <ClInclude Include="CStage.h" />
    <ClInclude Include="CMap.h" />
    <ClInclude Include="CGame.h" />
    <ClInclude Include="CGoal.h" />
    <ClInclude Include="CBase.h" />
    <ClInclude Include="CKey.h" />
    <ClInclude Include="CGameclear.h" />
    <ClInclude Include="CStringtexture.h" />
    <ClInclude Include="CUserInterface.h" />
    <ClInclude Include="CDownGimmick.h" />
    <ClInclude Include="CGameover.h" />
    <ClInclude Include="CWindmill.h" />
    <ClInclude Include="CMatricx22.h" />
    <ClInclude Include="CPlayer.h" />
    <ClInclude Include="CWind.h" />
    <ClInclude Include="Select.h" />
    <ClInclude Include="Enemy.h" />
    <ClInclude Include="Title.h" />
    <ClInclude Include="TitleScene.h" />
  </ItemGroup>
</Project>