<?xml version="1.0" encoding="utf-8"?>
<Project ToolsVersion="4.0" xmlns="http://schemas.microsoft.com/developer/msbuild/2003">
  <ItemGroup>
    <Filter Include="ソース ファイル">
      <UniqueIdentifier>{4FC737F1-C7A5-4376-A066-2A32D752A2FF}</UniqueIdentifier>
      <Extensions>cpp;c;cc;cxx;def;odl;idl;hpj;bat;asm;asmx</Extensions>
    </Filter>
    <Filter Include="ヘッダー ファイル">
      <UniqueIdentifier>{93995380-89BD-4b04-88EB-625FBE52EBFB}</UniqueIdentifier>
      <Extensions>h;hh;hpp;hxx;hm;inl;inc;xsd</Extensions>
    </Filter>
    <Filter Include="リソース ファイル">
      <UniqueIdentifier>{67DA6AB6-F800-4c08-8B7A-83BB121AAD01}</UniqueIdentifier>
      <Extensions>rc;ico;cur;bmp;dlg;rc2;rct;bin;rgs;gif;jpg;jpeg;jpe;resx;tiff;tif;png;wav;mfcribbon-ms</Extensions>
    </Filter>
    <Filter Include="タスクマネージャー">
      <UniqueIdentifier>{05bc36d1-b4a1-4550-b469-d97dba34b7ec}</UniqueIdentifier>
    </Filter>
    <Filter Include="メイン">
      <UniqueIdentifier>{7bf7d26c-f1b5-41b8-a773-bc11e6a3586f}</UniqueIdentifier>
    </Filter>
    <Filter Include="タスク">
      <UniqueIdentifier>{148aece3-ab39-40e8-9abb-2dc2ac7858c8}</UniqueIdentifier>
    </Filter>
    <Filter Include="テキスト">
      <UniqueIdentifier>{91da9a4a-2bea-48c8-844a-822b153e3b85}</UniqueIdentifier>
    </Filter>
  </ItemGroup>
  <ItemGroup>
    <ClCompile Include="Main.cpp">
      <Filter>メイン</Filter>
    </ClCompile>
  </ItemGroup>
  <ItemGroup>
    <ClInclude Include="Taskmanager.h">
      <Filter>タスクマネージャー</Filter>
    </ClInclude>
    <ClInclude Include="Task.h">
      <Filter>タスク</Filter>
    </ClInclude>
    <ClInclude Include="Text.h">
      <Filter>テキスト</Filter>
    </ClInclude>
    <ClInclude Include="Text2.h">
      <Filter>テキスト</Filter>
    </ClInclude>
  </ItemGroup>
</Project>